
Microsoft Visual Studio Solution File, Format Version 12.00
# Visual Studio Version 17
VisualStudioVersion = 17.7.34202.233
MinimumVisualStudioVersion = 10.0.40219.1
Project("{FAE04EC0-301F-11D3-BF4B-00C04F79EFBC}") = "Parte3", "Parte3.csproj", "{A76EFED0-B102-4DB9-87ED-FA845C9DB9F9}"
EndProject
Global
	GlobalSection(SolutionConfigurationPlatforms) = preSolution
		Debug|Any CPU = Debug|Any CPU
		Release|Any CPU = Release|Any CPU
	EndGlobalSection
	GlobalSection(ProjectConfigurationPlatforms) = postSolution
		{A76EFED0-B102-4DB9-87ED-FA845C9DB9F9}.Debug|Any CPU.ActiveCfg = Debug|Any CPU
		{A76EFED0-B102-4DB9-87ED-FA845C9DB9F9}.Debug|Any CPU.Build.0 = Debug|Any CPU
		{A76EFED0-B102-4DB9-87ED-FA845C9DB9F9}.Release|Any CPU.ActiveCfg = Release|Any CPU
		{A76EFED0-B102-4DB9-87ED-FA845C9DB9F9}.Release|Any CPU.Build.0 = Release|Any CPU
	EndGlobalSection
	GlobalSection(SolutionProperties) = preSolution
		HideSolutionNode = FALSE
	EndGlobalSection
	GlobalSection(ExtensibilityGlobals) = postSolution
		SolutionGuid = {C3712D7F-65D2-4720-A66F-371C68B3AC51}
	EndGlobalSection
EndGlobal
